
Microsoft Visual Studio Solution File, Format Version 12.00
# Visual Studio Version 17
VisualStudioVersion = 17.8.34511.84
MinimumVisualStudioVersion = 10.0.40219.1
Project("{FAE04EC0-301F-11D3-BF4B-00C04F79EFBC}") = "BlackScholes_for_TPU", "BlackScholes_for_TPU\BlackScholes_for_TPU.csproj", "{A5FBB28C-E829-420F-BBF7-279CFC2D87BC}"
EndProject
Global
	GlobalSection(SolutionConfigurationPlatforms) = preSolution
		Debug|Any CPU = Debug|Any CPU
		Release|Any CPU = Release|Any CPU
	EndGlobalSection
	GlobalSection(ProjectConfigurationPlatforms) = postSolution
		{A5FBB28C-E829-420F-BBF7-279CFC2D87BC}.Debug|Any CPU.ActiveCfg = Debug|Any CPU
		{A5FBB28C-E829-420F-BBF7-279CFC2D87BC}.Debug|Any CPU.Build.0 = Debug|Any CPU
		{A5FBB28C-E829-420F-BBF7-279CFC2D87BC}.Release|Any CPU.ActiveCfg = Release|Any CPU
		{A5FBB28C-E829-420F-BBF7-279CFC2D87BC}.Release|Any CPU.Build.0 = Release|Any CPU
	EndGlobalSection
	GlobalSection(SolutionProperties) = preSolution
		HideSolutionNode = FALSE
	EndGlobalSection
	GlobalSection(ExtensibilityGlobals) = postSolution
		SolutionGuid = {647C7CB7-83F5-4258-9BAD-E6803CB02EEB}
	EndGlobalSection
EndGlobal
